
Microsoft Visual Studio Solution File, Format Version 12.00
# Visual Studio Version 16
VisualStudioVersion = 16.0.30114.105
MinimumVisualStudioVersion = 10.0.40219.1
Project("{FAE04EC0-301F-11D3-BF4B-00C04F79EFBC}") = "VeterinaryCustomer.Domain", "VeterinaryCustomer.Domain\VeterinaryCustomer.Domain.csproj", "{DDF235E8-FC0B-4F94-92C2-A1C70FD6E502}"
EndProject
Project("{FAE04EC0-301F-11D3-BF4B-00C04F79EFBC}") = "VeterinaryCustomer.Repositories", "VeterinaryCustomer.Repositories\VeterinaryCustomer.Repositories.csproj", "{238ADA0A-E299-4D90-9C48-417AD84E4FBC}"
EndProject
Project("{FAE04EC0-301F-11D3-BF4B-00C04F79EFBC}") = "VeterinaryCustomer.Tests", "VeterinaryCustomer.Tests\VeterinaryCustomer.Tests.csproj", "{6B0C277A-D72B-4B9A-955F-B74A889A999F}"
EndProject
Project("{FAE04EC0-301F-11D3-BF4B-00C04F79EFBC}") = "VeterinaryCustomer.Web", "VeterinaryCustomer.Web\VeterinaryCustomer.Web.csproj", "{BE5A5187-CC4F-4597-9FE2-18CBC9A7CBAE}"
EndProject
Project("{FAE04EC0-301F-11D3-BF4B-00C04F79EFBC}") = "VeterinaryCustomer.Services", "VeterinaryCustomer.Services\VeterinaryCustomer.Services.csproj", "{920E46D4-B5D1-4BE5-A119-BA605BDC4517}"
EndProject
Global
	GlobalSection(SolutionConfigurationPlatforms) = preSolution
		Debug|Any CPU = Debug|Any CPU
		Release|Any CPU = Release|Any CPU
	EndGlobalSection
	GlobalSection(SolutionProperties) = preSolution
		HideSolutionNode = FALSE
	EndGlobalSection
	GlobalSection(ProjectConfigurationPlatforms) = postSolution
		{DDF235E8-FC0B-4F94-92C2-A1C70FD6E502}.Debug|Any CPU.ActiveCfg = Debug|Any CPU
		{DDF235E8-FC0B-4F94-92C2-A1C70FD6E502}.Debug|Any CPU.Build.0 = Debug|Any CPU
		{DDF235E8-FC0B-4F94-92C2-A1C70FD6E502}.Release|Any CPU.ActiveCfg = Release|Any CPU
		{DDF235E8-FC0B-4F94-92C2-A1C70FD6E502}.Release|Any CPU.Build.0 = Release|Any CPU
		{238ADA0A-E299-4D90-9C48-417AD84E4FBC}.Debug|Any CPU.ActiveCfg = Debug|Any CPU
		{238ADA0A-E299-4D90-9C48-417AD84E4FBC}.Debug|Any CPU.Build.0 = Debug|Any CPU
		{238ADA0A-E299-4D90-9C48-417AD84E4FBC}.Release|Any CPU.ActiveCfg = Release|Any CPU
		{238ADA0A-E299-4D90-9C48-417AD84E4FBC}.Release|Any CPU.Build.0 = Release|Any CPU
		{6B0C277A-D72B-4B9A-955F-B74A889A999F}.Debug|Any CPU.ActiveCfg = Debug|Any CPU
		{6B0C277A-D72B-4B9A-955F-B74A889A999F}.Debug|Any CPU.Build.0 = Debug|Any CPU
		{6B0C277A-D72B-4B9A-955F-B74A889A999F}.Release|Any CPU.ActiveCfg = Release|Any CPU
		{6B0C277A-D72B-4B9A-955F-B74A889A999F}.Release|Any CPU.Build.0 = Release|Any CPU
		{BE5A5187-CC4F-4597-9FE2-18CBC9A7CBAE}.Debug|Any CPU.ActiveCfg = Debug|Any CPU
		{BE5A5187-CC4F-4597-9FE2-18CBC9A7CBAE}.Debug|Any CPU.Build.0 = Debug|Any CPU
		{BE5A5187-CC4F-4597-9FE2-18CBC9A7CBAE}.Release|Any CPU.ActiveCfg = Release|Any CPU
		{BE5A5187-CC4F-4597-9FE2-18CBC9A7CBAE}.Release|Any CPU.Build.0 = Release|Any CPU
		{920E46D4-B5D1-4BE5-A119-BA605BDC4517}.Debug|Any CPU.ActiveCfg = Debug|Any CPU
		{920E46D4-B5D1-4BE5-A119-BA605BDC4517}.Debug|Any CPU.Build.0 = Debug|Any CPU
		{920E46D4-B5D1-4BE5-A119-BA605BDC4517}.Release|Any CPU.ActiveCfg = Release|Any CPU
		{920E46D4-B5D1-4BE5-A119-BA605BDC4517}.Release|Any CPU.Build.0 = Release|Any CPU
	EndGlobalSection
EndGlobal
